Microsoft Visual Studio Solution File, Format Version 11.00
# Visual Studio 2010
Project("{F184B08F-C81C-45F6-A57F-5ABD9991F28F}") = "WindowsFormsApplication1", "WindowsFormsApplication1\WindowsFormsApplication1.vbproj", "{A4B3B4D7-BC52-4141-88DC-CC51DE375368}"
EndProject
Global
	GlobalSection(SolutionConfigurationPlatforms) = preSolution
		Debug|x86 = Debug|x86
		Release|x86 = Release|x86
	EndGlobalSection
	GlobalSection(ProjectConfigurationPlatforms) = postSolution
		{A4B3B4D7-BC52-4141-88DC-CC51DE375368}.Debug|x86.ActiveCfg = Debug|x86
		{A4B3B4D7-BC52-4141-88DC-CC51DE375368}.Debug|x86.Build.0 = Debug|x86
		{A4B3B4D7-BC52-4141-88DC-CC51DE375368}.Release|x86.ActiveCfg = Release|x86
		{A4B3B4D7-BC52-4141-88DC-CC51DE375368}.Release|x86.Build.0 = Release|x86
	EndGlobalSection
	GlobalSection(SolutionProperties) = preSolution
		HideSolutionNode = FALSE
	EndGlobalSection
EndGlobal
